# This file was generated by Aiken
# You typically do not need to edit this file

[[requirements]]
name = "easy1staking-com/stdlib"
version = "feat/native-value-builtins"
source = "github"

[[requirements]]
name = "aiken-lang/fuzz"
version = "main"
source = "github"

[[packages]]
name = "easy1staking-com/stdlib"
version = "feat/native-value-builtins"
requirements = []
source = "github"

[[packages]]
name = "aiken-lang/fuzz"
version = "main"
requirements = []
source = "github"

[etags]
"aiken-lang/fuzz@main" = [{ secs_since_epoch = 1788472736, nanos_since_epoch = 280165183 }, "9843473958e51725a9274b487d2d4aac0395ec1a2e30f090724fa737226bc127"]
"easy1staking-com/stdlib@feat/native-value-builtins" = [{ secs_since_epoch = 1788472735, nanos_since_epoch = 914557276 }, "d40c252b4df1dd108ea791a366765312dbedba77c7e2a6d026a026d2cbe1d1c0"]
